{
    "version": 3,
    "terraform_version": "0.11.10",
    "serial": 2,
    "lineage": "fe0124a1-f241-7ae2-e795-12655f8297bc",
    "modules": [
        {
            "path": [
                "root"
            ],
            "outputs": {},
            "resources": {
                "aws_s3_bucket.terraform_state_storage": {
                    "type": "aws_s3_bucket",
                    "depends_on": [],
                    "primary": {
                        "id": "ecs-workshop-terraform-state-prod",
                        "attributes": {
                            "acceleration_status": "",
                            "acl": "private",
                            "arn": "arn:aws:s3:::ecs-workshop-terraform-state-prod",
                            "bucket": "ecs-workshop-terraform-state-prod",
                            "bucket_domain_name": "ecs-workshop-terraform-state-prod.s3.amazonaws.com",
                            "bucket_regional_domain_name": "ecs-workshop-terraform-state-prod.s3.amazonaws.com",
                            "cors_rule.#": "0",
                            "force_destroy": "false",
                            "hosted_zone_id": "Z3AQBSTGFYJSTF",
                            "id": "ecs-workshop-terraform-state-prod",
                            "lifecycle_rule.#": "0",
                            "logging.#": "0",
                            "region": "us-east-1",
                            "replication_configuration.#": "0",
                            "request_payer": "BucketOwner",
                            "server_side_encryption_configuration.#": "0",
                            "tags.%": "2",
                            "tags.Environment": "dev",
                            "tags.Name": "ecs-workshop-terraform-state-prod",
                            "versioning.#": "1",
                            "versioning.0.enabled": "true",
                            "versioning.0.mfa_delete": "false",
                            "website.#": "0"
                        },
                        "meta": {},
                        "tainted": false
                    },
                    "deposed": [],
                    "provider": "provider.aws"
                }
            },
            "depends_on": []
        }
    ]
}
